#MicroXplorer Configuration settings - do not modify
Mcu.Family=STM32F4
ProjectManager.MainLocation=Core/Src
SH.S_TIM4_CH2.ConfNb=1
PH0-OSC_IN.Signal=RCC_OSC_IN
USART2.IPParameters=VirtualMode,BaudRate
RCC.CortexFreq_Value=168000000
ProjectManager.KeepUserCode=true
Mcu.UserName=STM32F407VGTx
PD9.GPIOParameters=GPIO_Label
RCC.PLLCLKFreq_Value=168000000
PC12.Signal=UART5_TX
RCC.PLLQCLKFreq_Value=84000000
ProjectManager.functionlistsort=1-MX_GPIO_Init-GPIO-false-HAL-true,2-SystemClock_Config-RCC-false-HAL-false,3-MX_USART2_UART_Init-USART2-false-HAL-true,4-MX_TIM4_Init-TIM4-false-HAL-true,5-MX_TIM2_Init-TIM2-false-HAL-true,6-MX_TIM3_Init-TIM3-false-HAL-true,7-MX_TIM8_Init-TIM8-false-HAL-true,8-MX_UART5_Init-UART5-false-HAL-true,9-MX_I2C1_Init-I2C1-false-HAL-true
PC3.Locked=true
RCC.RTCFreq_Value=32000
PD6.Locked=true
TIM2.Channel-PWM\ Generation2\ CH2=TIM_CHANNEL_2
PC1.Locked=true
PB13.Signal=GPIO_Output
PB15.Signal=GPIO_Output
PD6.GPIO_Label=HALL_SENSOR_2
PinOutPanel.RotationAngle=0
RCC.SYSCLKSource=RCC_SYSCLKSOURCE_PLLCLK
ProjectManager.StackSize=0x400
PD13.Signal=S_TIM4_CH2
Mcu.IP4=SYS
RCC.FCLKCortexFreq_Value=168000000
Mcu.IP5=TIM2
Mcu.IP2=NVIC
NVIC.SVCall_IRQn=true\:0\:0\:false\:false\:false\:false\:false\:false
Mcu.IP3=RCC
Mcu.IP0=FREERTOS
Mcu.IP1=I2C1
PE4.GPIOParameters=GPIO_Label
Mcu.UserConstants=
SH.S_TIM3_CH2.ConfNb=1
PC1.GPIOParameters=GPIO_Label
Mcu.ThirdPartyNb=0
PD11.GPIO_Label=MOTOR_3_L
RCC.HCLKFreq_Value=168000000
Mcu.IPNb=11
RCC.I2SClocksFreq_Value=192000000
TIM2.IPParameters=Channel-PWM Generation2 CH2,Prescaler,Period,Channel-PWM Generation1 CH1,Channel-PWM Generation3 CH3
ProjectManager.PreviousToolchain=
RCC.APB2TimFreq_Value=168000000
PB6.Signal=I2C1_SCL
RCC.VcooutputI2S=192000000
PC7.Signal=S_TIM8_CH2
PB6.Mode=I2C
PC3.Signal=GPIO_Output
Mcu.Pin6=PA0-WKUP
Mcu.Pin7=PA1
Mcu.Pin8=PA2
Mcu.Pin9=PA3
FREERTOS.IPParameters=Tasks01,FootprintOK,Mutexes01
RCC.AHBFreq_Value=168000000
PH0-OSC_IN.Mode=HSE-External-Oscillator
PB13.Locked=true
Mcu.Pin0=PE2
Mcu.Pin1=PE4
Mcu.Pin2=PH0-OSC_IN
Mcu.Pin3=PH1-OSC_OUT
Mcu.Pin4=PC1
PA0-WKUP.GPIOParameters=GPIO_Label
Mcu.Pin5=PC3
ProjectManager.ProjectBuild=false
RCC.HSE_VALUE=8000000
NVIC.UsageFault_IRQn=true\:0\:0\:false\:false\:true\:false\:false\:false
NVIC.DebugMonitor_IRQn=true\:0\:0\:false\:false\:true\:false\:false\:false
PA4.Locked=true
Mcu.IP10=USART2
NVIC.SysTick_IRQn=true\:15\:0\:false\:false\:false\:true\:false\:true
ProjectManager.FirmwarePackage=STM32Cube FW_F4 V1.26.1
MxDb.Version=DB.6.0.21
PE15.Locked=true
PA1.GPIOParameters=GPIO_Label
ProjectManager.BackupPrevious=false
RCC.VCOInputFreq_Value=2000000
PA14.Mode=Serial_Wire
PE8.Locked=true
VP_SYS_VS_tim1.Mode=TIM1
File.Version=6
PE4.GPIO_Label=MOTOR_2_L
SH.S_TIM4_CH2.0=TIM4_CH2,Encoder_Interface
PE2.Signal=GPIO_Output
PB7.Signal=I2C1_SDA
TIM2.Channel-PWM\ Generation1\ CH1=TIM_CHANNEL_1
NVIC.PendSV_IRQn=true\:15\:0\:false\:false\:false\:true\:false\:false
SH.S_TIM3_CH1.0=TIM3_CH1,Encoder_Interface
TIM4.Period=20127
VP_FREERTOS_VS_CMSIS_V1.Mode=CMSIS_V1
PE4.Signal=GPIO_Output
ProjectManager.HalAssertFull=false
SH.S_TIM8_CH1.ConfNb=1
ProjectManager.ProjectName=3ARA-Firmware
PD7.GPIO_Label=HALL_SENSOR_1
PH1-OSC_OUT.Mode=HSE-External-Oscillator
RCC.MCO2PinFreq_Value=168000000
Mcu.Package=LQFP100
TIM2.Prescaler=83
PA6.Signal=S_TIM3_CH1
NVIC.TimeBase=TIM1_UP_TIM10_IRQn
PD11.Locked=true
USART2.VirtualMode=VM_ASYNC
PD12.Signal=S_TIM4_CH1
PD5.GPIO_Label=HALL_SENSOR_3
PD5.GPIOParameters=GPIO_Label
ProjectManager.ToolChainLocation=
RCC.LSI_VALUE=32000
NVIC.TimeBaseIP=TIM1
FREERTOS.FootprintOK=true
UART5.IPParameters=VirtualMode,BaudRate
TIM4.IC1Filter=15
RCC.APB2CLKDivider=RCC_HCLK_DIV2
SH.S_TIM4_CH1.0=TIM4_CH1,Encoder_Interface
RCC.APB1TimFreq_Value=84000000
NVIC.BusFault_IRQn=true\:0\:0\:false\:false\:true\:false\:false\:false
UART5.BaudRate=9600
PB10.GPIOParameters=GPIO_Label
PE7.Signal=GPIO_Output
PD6.Signal=GPIO_Input
PD5.Locked=true
PA4.GPIO_Label=MOTOR_1_L
PE2.GPIO_Label=MOTOR_2_R
ProjectManager.CustomerFirmwarePackage=
PB15.Locked=true
PA3.Signal=USART2_RX
RCC.PLLSourceVirtual=RCC_PLLSOURCE_HSE
PD6.GPIOParameters=GPIO_Label
SH.S_TIM4_CH1.ConfNb=1
ProjectManager.ProjectFileName=3ARA-Firmware.ioc
PE8.GPIOParameters=GPIO_Label
FREERTOS.Tasks01=defaultTask,0,256,StartDefaultTask,Default,NULL,Dynamic,NULL,NULL;taskPID1,-3,512,startPID1,Default,NULL,Dynamic,NULL,NULL;taskPID2,-3,512,startPID2,Default,NULL,Dynamic,NULL,NULL;taskPID3,0,512,startPID3,Default,NULL,Dynamic,NULL,NULL;ROSComms,0,1024,startROSComms,Default,NULL,Dynamic,NULL,NULL
PD9.GPIO_Label=MOTOR_3_R
Mcu.PinsNb=38
ProjectManager.NoMain=false
NVIC.SavedSvcallIrqHandlerGenerated=true
PC6.Signal=S_TIM8_CH1
PD7.Signal=GPIO_Input
ProjectManager.DefaultFWLocation=true
PD9.Signal=GPIO_Output
PD5.Signal=GPIO_Input
TIM4.IC2Filter=15
PB12.Locked=true
ProjectManager.DeletePrevious=true
UART5.VirtualMode=Asynchronous
PB14.Locked=true
RCC.APB1CLKDivider=RCC_HCLK_DIV4
NVIC.USART2_IRQn=true\:5\:0\:false\:false\:true\:false\:true\:true
USART2.BaudRate=57600
SH.S_TIM2_CH1_ETR.ConfNb=1
SH.S_TIM8_CH2.0=TIM8_CH2,Encoder_Interface
RCC.FamilyName=M
PA0-WKUP.GPIO_Label=MOTOR_2
PA0-WKUP.Signal=S_TIM2_CH1_ETR
PE15.GPIOParameters=GPIO_Label
PC3.GPIOParameters=GPIO_Label
PA3.Mode=Asynchronous
PA13.Signal=SYS_JTMS-SWDIO
VP_FREERTOS_VS_CMSIS_V1.Signal=FREERTOS_VS_CMSIS_V1
SH.S_TIM2_CH2.0=TIM2_CH2,PWM Generation2 CH2
PE15.GPIO_Label=LED_2
ProjectManager.TargetToolchain=STM32CubeIDE
TIM4.IPParameters=IC1Filter,IC2Filter,Period
PB10.GPIO_Label=MOTOR_3
PE8.GPIO_Label=USER_BUTTON
SH.S_TIM2_CH2.ConfNb=1
PE4.Locked=true
PE2.GPIOParameters=GPIO_Label
ProjectManager.RegisterCallBack=
PD7.Locked=true
RCC.LSE_VALUE=32768
PA1.Signal=S_TIM2_CH2
PB10.Signal=S_TIM2_CH3
RCC.VCOI2SOutputFreq_Value=384000000
PB14.Signal=GPIO_Output
PD2.Mode=Asynchronous
SH.S_TIM3_CH2.0=TIM3_CH2,Encoder_Interface
PC12.Mode=Asynchronous
SH.S_TIM8_CH1.0=TIM8_CH1,Encoder_Interface
board=custom
RCC.VCOOutputFreq_Value=336000000
ProjectManager.LastFirmware=false
PD11.GPIOParameters=GPIO_Label
NVIC.SavedSystickIrqHandlerGenerated=true
RCC.APB2Freq_Value=84000000
PE15.Signal=GPIO_Output
MxCube.Version=6.2.1
Mcu.Pin37=VP_SYS_VS_tim1
Mcu.Pin35=PB7
SH.S_TIM2_CH3.0=TIM2_CH3,PWM Generation3 CH3
PE8.Signal=GPIO_Input
Mcu.Pin36=VP_FREERTOS_VS_CMSIS_V1
VP_SYS_VS_tim1.Signal=SYS_VS_tim1
Mcu.Pin30=PD2
PC1.GPIO_Label=LED_1
PA1.GPIO_Label=MOTOR_1
RCC.EthernetFreq_Value=168000000
TIM2.Channel-PWM\ Generation3\ CH3=TIM_CHANNEL_3
Mcu.Pin33=PD7
PH1-OSC_OUT.Signal=RCC_OSC_OUT
Mcu.Pin34=PB6
Mcu.Pin31=PD5
Mcu.Pin32=PD6
NVIC.NonMaskableInt_IRQn=true\:0\:0\:false\:false\:true\:false\:false\:false
PA4.GPIOParameters=GPIO_Label
SH.S_TIM2_CH3.ConfNb=1
TIM2.Period=999
PE7.Locked=true
PA13.Mode=Serial_Wire
ProjectManager.FreePins=false
RCC.IPParameters=48MHZClocksFreq_Value,AHBFreq_Value,APB1CLKDivider,APB1Freq_Value,APB1TimFreq_Value,APB2CLKDivider,APB2Freq_Value,APB2TimFreq_Value,CortexFreq_Value,EthernetFreq_Value,FCLKCortexFreq_Value,FamilyName,HCLKFreq_Value,HSE_VALUE,HSI_VALUE,I2SClocksFreq_Value,LSE_VALUE,LSI_VALUE,MCO2PinFreq_Value,PLLCLKFreq_Value,PLLM,PLLN,PLLQCLKFreq_Value,PLLSourceVirtual,RTCFreq_Value,RTCHSEDivFreq_Value,SYSCLKFreq_VALUE,SYSCLKSource,VCOI2SOutputFreq_Value,VCOInputFreq_Value,VCOOutputFreq_Value,VcooutputI2S
ProjectManager.AskForMigrate=true
Mcu.Name=STM32F407V(E-G)Tx
Mcu.Pin26=PC7
Mcu.Pin27=PA13
NVIC.SavedPendsvIrqHandlerGenerated=true
RCC.RTCHSEDivFreq_Value=4000000
PA2.Signal=USART2_TX
Mcu.Pin24=PD13
ProjectManager.UnderRoot=true
Mcu.Pin25=PC6
Mcu.IP8=TIM8
Mcu.IP9=UART5
Mcu.Pin28=PA14
Mcu.IP6=TIM3
Mcu.Pin29=PC12
Mcu.IP7=TIM4
ProjectManager.CoupleFile=true
RCC.48MHZClocksFreq_Value=84000000
PA4.Signal=GPIO_Output
RCC.SYSCLKFreq_VALUE=168000000
Mcu.Pin22=PD11
Mcu.Pin23=PD12
Mcu.Pin20=PB15
Mcu.Pin21=PD9
NVIC.ForceEnableDMAVector=true
KeepUserPlacement=false
PD11.Signal=GPIO_Output
NVIC.MemoryManagement_IRQn=true\:0\:0\:false\:false\:true\:false\:false\:false
ProjectManager.CompilerOptimize=6
PB7.Mode=I2C
SH.S_TIM2_CH1_ETR.0=TIM2_CH1,PWM Generation1 CH1
PA14.Signal=SYS_JTCK-SWCLK
ProjectManager.HeapSize=0x200
Mcu.Pin15=PE15
NVIC.HardFault_IRQn=true\:0\:0\:false\:false\:true\:false\:false\:false
Mcu.Pin16=PB10
Mcu.Pin13=PE7
Mcu.Pin14=PE8
Mcu.Pin19=PB14
SH.S_TIM3_CH1.ConfNb=1
NVIC.TIM1_UP_TIM10_IRQn=true\:0\:0\:false\:false\:true\:false\:false\:true
ProjectManager.ComputerToolchain=false
Mcu.Pin17=PB12
RCC.HSI_VALUE=16000000
Mcu.Pin18=PB13
FREERTOS.Mutexes01=mutex,Dynamic,NULL
NVIC.PriorityGroup=NVIC_PRIORITYGROUP_4
Mcu.Pin11=PA6
Mcu.Pin12=PA7
RCC.PLLM=4
RCC.PLLN=168
Mcu.Pin10=PA4
PE2.Locked=true
PA2.Mode=Asynchronous
PC3.GPIO_Label=MOTOR_1_R
PD2.Signal=UART5_RX
PD9.Locked=true
RCC.APB1Freq_Value=42000000
ProjectManager.DeviceId=STM32F407VGTx
PC1.Signal=GPIO_Output
SH.S_TIM8_CH2.ConfNb=1
PB12.Signal=GPIO_Output
PD7.GPIOParameters=GPIO_Label
ProjectManager.LibraryCopy=1
PA7.Signal=S_TIM3_CH2
isbadioc=false
